
Microsoft Visual Studio Solution File, Format Version 12.00
# Visual Studio Version 17
VisualStudioVersion = 17.3.32929.385
MinimumVisualStudioVersion = 10.0.40219.1
Project("{2150E333-8FDC-42A3-9474-1A3956D46DE8}") = "Solution Items", "Solution Items", "{785E1533-48CE-4B5E-8C59-D6F1FDA8C45C}"
	ProjectSection(SolutionItems) = preProject
		.editorconfig = .editorconfig
		.gitignore = .gitignore
		Directory.Build.props = Directory.Build.props
		Directory.Packages.props = Directory.Packages.props
		.github\workflows\integrate.yml = .github\workflows\integrate.yml
		LICENSE.txt = LICENSE.txt
		NOTICE.txt = NOTICE.txt
		nuget.config = nuget.config
		.github\workflows\pull_request.yml = .github\workflows\pull_request.yml
		README.md = README.md
		.github\workflows\release.yml = .github\workflows\release.yml
	EndProjectSection
EndProject
Project("{2150E333-8FDC-42A3-9474-1A3956D46DE8}") = "Microsoft.CobaltCore", "Microsoft.CobaltCore", "{F66706B6-D7DD-48FB-963C-870B3D611500}"
	ProjectSection(SolutionItems) = preProject
		Microsoft.CobaltCore.dll.txt = Microsoft.CobaltCore.dll.txt
	EndProjectSection
EndProject
Project("{2150E333-8FDC-42A3-9474-1A3956D46DE8}") = "Tests", "Tests", "{B692B58D-1720-49A8-9CB8-5562894618F6}"
	ProjectSection(SolutionItems) = preProject
		test\Directory.Build.props = test\Directory.Build.props
		test\Directory.Packages.props = test\Directory.Packages.props
	EndProjectSection
EndProject
Project("{9A19103F-16F7-4668-BE54-9A1E7A4F7556}") = "WopiHost.Discovery", "src\WopiHost.Discovery\WopiHost.Discovery.csproj", "{84B896D2-1A87-4671-B583-92A6AF3645F0}"
EndProject
Project("{9A19103F-16F7-4668-BE54-9A1E7A4F7556}") = "WopiHost.Abstractions", "src\WopiHost.Abstractions\WopiHost.Abstractions.csproj", "{D3B3947E-94DD-4FCD-BDDC-4E579ACF9B5B}"
EndProject
Project("{9A19103F-16F7-4668-BE54-9A1E7A4F7556}") = "WopiHost.FileSystemProvider", "src\WopiHost.FileSystemProvider\WopiHost.FileSystemProvider.csproj", "{3B756B87-FEA9-4DF9-91F3-8D91373C27AA}"
EndProject
Project("{9A19103F-16F7-4668-BE54-9A1E7A4F7556}") = "WopiHost.Url", "src\WopiHost.Url\WopiHost.Url.csproj", "{64A6F7C1-8864-4D1A-A039-0E59D06274E1}"
EndProject
Project("{9A19103F-16F7-4668-BE54-9A1E7A4F7556}") = "WopiHost.FileSystemProvider.Tests", "test\WopiHost.FileSystemProvider.Tests\WopiHost.FileSystemProvider.Tests.csproj", "{650A5A85-5956-491E-9312-5E25A27D1108}"
EndProject
Project("{9A19103F-16F7-4668-BE54-9A1E7A4F7556}") = "WopiHost.Discovery.Tests", "test\WopiHost.Discovery.Tests\WopiHost.Discovery.Tests.csproj", "{4089410A-8A12-455C-862B-A4A3834C3100}"
EndProject
Project("{9A19103F-16F7-4668-BE54-9A1E7A4F7556}") = "WopiHost.Url.Tests", "test\WopiHost.Url.Tests\WopiHost.Url.Tests.csproj", "{9FFB3975-2DE6-4944-92C7-7062C39BB8FA}"
EndProject
Project("{9A19103F-16F7-4668-BE54-9A1E7A4F7556}") = "WopiHost.Core", "src\WopiHost.Core\WopiHost.Core.csproj", "{C456339E-ED69-4A18-873B-5E9DAAC26C8B}"
EndProject
Project("{9A19103F-16F7-4668-BE54-9A1E7A4F7556}") = "WopiHost.Cobalt", "src\WopiHost.Cobalt\WopiHost.Cobalt.csproj", "{5195E64C-B991-4B1F-BC5C-8DA3281CB559}"
EndProject
Project("{FAE04EC0-301F-11D3-BF4B-00C04F79EFBC}") = "WopiHost.Core.Tests", "test\WopiHost.Core.Tests\WopiHost.Core.Tests.csproj", "{9CBB4AD4-EAE4-4D85-A70C-ECC465DA3D86}"
EndProject
Project("{FAE04EC0-301F-11D3-BF4B-00C04F79EFBC}") = "WopiHost.MemoryLockProvider", "src\WopiHost.MemoryLockProvider\WopiHost.MemoryLockProvider.csproj", "{F49D0044-1965-4EC1-969E-E058194E81FA}"
EndProject
Project("{FAE04EC0-301F-11D3-BF4B-00C04F79EFBC}") = "WopiHost.MemoryLockProvider.Tests", "test\WopiHost.MemoryLockProvider.Tests\WopiHost.MemoryLockProvider.Tests.csproj", "{A863AD59-1075-C7DD-A3C9-B0859DF692EE}"
EndProject
Project("{FAE04EC0-301F-11D3-BF4B-00C04F79EFBC}") = "WopiHost.Validator", "sample\WopiHost.Validator\WopiHost.Validator.csproj", "{97442113-B773-4F71-8B60-EF5599AC135D}"
EndProject
Project("{2150E333-8FDC-42A3-9474-1A3956D46DE8}") = "Samples", "Samples", "{02EA681E-C7D8-13C7-8484-4AC65E1B71E8}"
EndProject
Project("{2150E333-8FDC-42A3-9474-1A3956D46DE8}") = "wopi-docs", "wopi-docs", "{EA1A15F6-C3AF-4AAF-9A8B-4B7E053D6CEC}"
	ProjectSection(SolutionItems) = preProject
		sample\wopi-docs\test.docx = sample\wopi-docs\test.docx
		sample\wopi-docs\test.html = sample\wopi-docs\test.html
		sample\wopi-docs\test.pptx = sample\wopi-docs\test.pptx
		sample\wopi-docs\test.wopitest = sample\wopi-docs\test.wopitest
		sample\wopi-docs\test.xlsx = sample\wopi-docs\test.xlsx
	EndProjectSection
EndProject
Project("{2150E333-8FDC-42A3-9474-1A3956D46DE8}") = "subfolder", "subfolder", "{1CCBC8E4-5688-4F95-ADE8-31BF49064828}"
	ProjectSection(SolutionItems) = preProject
		sample\wopi-docs\subfolder\test2.docx = sample\wopi-docs\subfolder\test2.docx
		sample\wopi-docs\subfolder\TextFile.txt = sample\wopi-docs\subfolder\TextFile.txt
	EndProjectSection
EndProject
Project("{2150E333-8FDC-42A3-9474-1A3956D46DE8}") = "subsubfolder", "subsubfolder", "{7EC2D8B4-42A4-40E2-AC9A-E4496DA57F4C}"
	ProjectSection(SolutionItems) = preProject
		sample\wopi-docs\subfolder\subsubfolder\SubSubTextFile.txt = sample\wopi-docs\subfolder\subsubfolder\SubSubTextFile.txt
	EndProjectSection
EndProject
Project("{FAE04EC0-301F-11D3-BF4B-00C04F79EFBC}") = "WopiHost", "sample\WopiHost\WopiHost.csproj", "{A0D7E71F-8940-4D2E-5BDE-E82A8DEAE605}"
EndProject
Project("{FAE04EC0-301F-11D3-BF4B-00C04F79EFBC}") = "WopiHost.Web", "sample\WopiHost.Web\WopiHost.Web.csproj", "{750ECE28-6B96-8C09-67E1-CDBE48EC16A6}"
EndProject
Project("{2150E333-8FDC-42A3-9474-1A3956D46DE8}") = "infra", "infra", "{30258541-D0D8-F3FD-D559-E63D6BF074C2}"
EndProject
Project("{FAE04EC0-301F-11D3-BF4B-00C04F79EFBC}") = "WopiHost.AppHost", "infra\WopiHost.AppHost\WopiHost.AppHost.csproj", "{5A4C7189-6042-4775-A046-0DE23DA9B3E2}"
EndProject
Project("{FAE04EC0-301F-11D3-BF4B-00C04F79EFBC}") = "WopiHost.ServiceDefaults", "infra\WopiHost.ServiceDefaults\WopiHost.ServiceDefaults.csproj", "{8EF68B93-D00E-440D-9267-277FC39961A5}"
EndProject
Global
	GlobalSection(SolutionConfigurationPlatforms) = preSolution
		Debug|Any CPU = Debug|Any CPU
		Debug|Mixed Platforms = Debug|Mixed Platforms
		Debug|x64 = Debug|x64
		Debug|x86 = Debug|x86
		Release|Any CPU = Release|Any CPU
		Release|Mixed Platforms = Release|Mixed Platforms
		Release|x64 = Release|x64
		Release|x86 = Release|x86
	EndGlobalSection
	GlobalSection(ProjectConfigurationPlatforms) = postSolution
		{84B896D2-1A87-4671-B583-92A6AF3645F0}.Debug|Any CPU.ActiveCfg = Debug|Any CPU
		{84B896D2-1A87-4671-B583-92A6AF3645F0}.Debug|Any CPU.Build.0 = Debug|Any CPU
		{84B896D2-1A87-4671-B583-92A6AF3645F0}.Debug|Mixed Platforms.ActiveCfg = Debug|Any CPU
		{84B896D2-1A87-4671-B583-92A6AF3645F0}.Debug|Mixed Platforms.Build.0 = Debug|Any CPU
		{84B896D2-1A87-4671-B583-92A6AF3645F0}.Debug|x64.ActiveCfg = Debug|Any CPU
		{84B896D2-1A87-4671-B583-92A6AF3645F0}.Debug|x64.Build.0 = Debug|Any CPU
		{84B896D2-1A87-4671-B583-92A6AF3645F0}.Debug|x86.ActiveCfg = Debug|Any CPU
		{84B896D2-1A87-4671-B583-92A6AF3645F0}.Debug|x86.Build.0 = Debug|Any CPU
		{84B896D2-1A87-4671-B583-92A6AF3645F0}.Release|Any CPU.ActiveCfg = Release|Any CPU
		{84B896D2-1A87-4671-B583-92A6AF3645F0}.Release|Any CPU.Build.0 = Release|Any CPU
		{84B896D2-1A87-4671-B583-92A6AF3645F0}.Release|Mixed Platforms.ActiveCfg = Release|Any CPU
		{84B896D2-1A87-4671-B583-92A6AF3645F0}.Release|Mixed Platforms.Build.0 = Release|Any CPU
		{84B896D2-1A87-4671-B583-92A6AF3645F0}.Release|x64.ActiveCfg = Release|Any CPU
		{84B896D2-1A87-4671-B583-92A6AF3645F0}.Release|x64.Build.0 = Release|Any CPU
		{84B896D2-1A87-4671-B583-92A6AF3645F0}.Release|x86.ActiveCfg = Release|Any CPU
		{84B896D2-1A87-4671-B583-92A6AF3645F0}.Release|x86.Build.0 = Release|Any CPU
		{D3B3947E-94DD-4FCD-BDDC-4E579ACF9B5B}.Debug|Any CPU.ActiveCfg = Debug|Any CPU
		{D3B3947E-94DD-4FCD-BDDC-4E579ACF9B5B}.Debug|Any CPU.Build.0 = Debug|Any CPU
		{D3B3947E-94DD-4FCD-BDDC-4E579ACF9B5B}.Debug|Mixed Platforms.ActiveCfg = Debug|Any CPU
		{D3B3947E-94DD-4FCD-BDDC-4E579ACF9B5B}.Debug|Mixed Platforms.Build.0 = Debug|Any CPU
		{D3B3947E-94DD-4FCD-BDDC-4E579ACF9B5B}.Debug|x64.ActiveCfg = Debug|Any CPU
		{D3B3947E-94DD-4FCD-BDDC-4E579ACF9B5B}.Debug|x64.Build.0 = Debug|Any CPU
		{D3B3947E-94DD-4FCD-BDDC-4E579ACF9B5B}.Debug|x86.ActiveCfg = Debug|Any CPU
		{D3B3947E-94DD-4FCD-BDDC-4E579ACF9B5B}.Debug|x86.Build.0 = Debug|Any CPU
		{D3B3947E-94DD-4FCD-BDDC-4E579ACF9B5B}.Release|Any CPU.ActiveCfg = Release|Any CPU
		{D3B3947E-94DD-4FCD-BDDC-4E579ACF9B5B}.Release|Any CPU.Build.0 = Release|Any CPU
		{D3B3947E-94DD-4FCD-BDDC-4E579ACF9B5B}.Release|Mixed Platforms.ActiveCfg = Release|Any CPU
		{D3B3947E-94DD-4FCD-BDDC-4E579ACF9B5B}.Release|Mixed Platforms.Build.0 = Release|Any CPU
		{D3B3947E-94DD-4FCD-BDDC-4E579ACF9B5B}.Release|x64.ActiveCfg = Release|Any CPU
		{D3B3947E-94DD-4FCD-BDDC-4E579ACF9B5B}.Release|x64.Build.0 = Release|Any CPU
		{D3B3947E-94DD-4FCD-BDDC-4E579ACF9B5B}.Release|x86.ActiveCfg = Release|Any CPU
		{D3B3947E-94DD-4FCD-BDDC-4E579ACF9B5B}.Release|x86.Build.0 = Release|Any CPU
		{3B756B87-FEA9-4DF9-91F3-8D91373C27AA}.Debug|Any CPU.ActiveCfg = Debug|Any CPU
		{3B756B87-FEA9-4DF9-91F3-8D91373C27AA}.Debug|Any CPU.Build.0 = Debug|Any CPU
		{3B756B87-FEA9-4DF9-91F3-8D91373C27AA}.Debug|Mixed Platforms.ActiveCfg = Debug|Any CPU
		{3B756B87-FEA9-4DF9-91F3-8D91373C27AA}.Debug|Mixed Platforms.Build.0 = Debug|Any CPU
		{3B756B87-FEA9-4DF9-91F3-8D91373C27AA}.Debug|x64.ActiveCfg = Debug|Any CPU
		{3B756B87-FEA9-4DF9-91F3-8D91373C27AA}.Debug|x64.Build.0 = Debug|Any CPU
		{3B756B87-FEA9-4DF9-91F3-8D91373C27AA}.Debug|x86.ActiveCfg = Debug|Any CPU
		{3B756B87-FEA9-4DF9-91F3-8D91373C27AA}.Debug|x86.Build.0 = Debug|Any CPU
		{3B756B87-FEA9-4DF9-91F3-8D91373C27AA}.Release|Any CPU.ActiveCfg = Release|Any CPU
		{3B756B87-FEA9-4DF9-91F3-8D91373C27AA}.Release|Any CPU.Build.0 = Release|Any CPU
		{3B756B87-FEA9-4DF9-91F3-8D91373C27AA}.Release|Mixed Platforms.ActiveCfg = Release|Any CPU
		{3B756B87-FEA9-4DF9-91F3-8D91373C27AA}.Release|Mixed Platforms.Build.0 = Release|Any CPU
		{3B756B87-FEA9-4DF9-91F3-8D91373C27AA}.Release|x64.ActiveCfg = Release|Any CPU
		{3B756B87-FEA9-4DF9-91F3-8D91373C27AA}.Release|x64.Build.0 = Release|Any CPU
		{3B756B87-FEA9-4DF9-91F3-8D91373C27AA}.Release|x86.ActiveCfg = Release|Any CPU
		{3B756B87-FEA9-4DF9-91F3-8D91373C27AA}.Release|x86.Build.0 = Release|Any CPU
		{64A6F7C1-8864-4D1A-A039-0E59D06274E1}.Debug|Any CPU.ActiveCfg = Debug|Any CPU
		{64A6F7C1-8864-4D1A-A039-0E59D06274E1}.Debug|Any CPU.Build.0 = Debug|Any CPU
		{64A6F7C1-8864-4D1A-A039-0E59D06274E1}.Debug|Mixed Platforms.ActiveCfg = Debug|Any CPU
		{64A6F7C1-8864-4D1A-A039-0E59D06274E1}.Debug|Mixed Platforms.Build.0 = Debug|Any CPU
		{64A6F7C1-8864-4D1A-A039-0E59D06274E1}.Debug|x64.ActiveCfg = Debug|Any CPU
		{64A6F7C1-8864-4D1A-A039-0E59D06274E1}.Debug|x64.Build.0 = Debug|Any CPU
		{64A6F7C1-8864-4D1A-A039-0E59D06274E1}.Debug|x86.ActiveCfg = Debug|Any CPU
		{64A6F7C1-8864-4D1A-A039-0E59D06274E1}.Debug|x86.Build.0 = Debug|Any CPU
		{64A6F7C1-8864-4D1A-A039-0E59D06274E1}.Release|Any CPU.ActiveCfg = Release|Any CPU
		{64A6F7C1-8864-4D1A-A039-0E59D06274E1}.Release|Any CPU.Build.0 = Release|Any CPU
		{64A6F7C1-8864-4D1A-A039-0E59D06274E1}.Release|Mixed Platforms.ActiveCfg = Release|Any CPU
		{64A6F7C1-8864-4D1A-A039-0E59D06274E1}.Release|Mixed Platforms.Build.0 = Release|Any CPU
		{64A6F7C1-8864-4D1A-A039-0E59D06274E1}.Release|x64.ActiveCfg = Release|Any CPU
		{64A6F7C1-8864-4D1A-A039-0E59D06274E1}.Release|x64.Build.0 = Release|Any CPU
		{64A6F7C1-8864-4D1A-A039-0E59D06274E1}.Release|x86.ActiveCfg = Release|Any CPU
		{64A6F7C1-8864-4D1A-A039-0E59D06274E1}.Release|x86.Build.0 = Release|Any CPU
		{650A5A85-5956-491E-9312-5E25A27D1108}.Debug|Any CPU.ActiveCfg = Debug|Any CPU
		{650A5A85-5956-491E-9312-5E25A27D1108}.Debug|Any CPU.Build.0 = Debug|Any CPU
		{650A5A85-5956-491E-9312-5E25A27D1108}.Debug|Mixed Platforms.ActiveCfg = Debug|Any CPU
		{650A5A85-5956-491E-9312-5E25A27D1108}.Debug|Mixed Platforms.Build.0 = Debug|Any CPU
		{650A5A85-5956-491E-9312-5E25A27D1108}.Debug|x64.ActiveCfg = Debug|Any CPU
		{650A5A85-5956-491E-9312-5E25A27D1108}.Debug|x64.Build.0 = Debug|Any CPU
		{650A5A85-5956-491E-9312-5E25A27D1108}.Debug|x86.ActiveCfg = Debug|Any CPU
		{650A5A85-5956-491E-9312-5E25A27D1108}.Debug|x86.Build.0 = Debug|Any CPU
		{650A5A85-5956-491E-9312-5E25A27D1108}.Release|Any CPU.ActiveCfg = Release|Any CPU
		{650A5A85-5956-491E-9312-5E25A27D1108}.Release|Any CPU.Build.0 = Release|Any CPU
		{650A5A85-5956-491E-9312-5E25A27D1108}.Release|Mixed Platforms.ActiveCfg = Release|Any CPU
		{650A5A85-5956-491E-9312-5E25A27D1108}.Release|Mixed Platforms.Build.0 = Release|Any CPU
		{650A5A85-5956-491E-9312-5E25A27D1108}.Release|x64.ActiveCfg = Release|Any CPU
		{650A5A85-5956-491E-9312-5E25A27D1108}.Release|x64.Build.0 = Release|Any CPU
		{650A5A85-5956-491E-9312-5E25A27D1108}.Release|x86.ActiveCfg = Release|Any CPU
		{650A5A85-5956-491E-9312-5E25A27D1108}.Release|x86.Build.0 = Release|Any CPU
		{4089410A-8A12-455C-862B-A4A3834C3100}.Debug|Any CPU.ActiveCfg = Debug|Any CPU
		{4089410A-8A12-455C-862B-A4A3834C3100}.Debug|Any CPU.Build.0 = Debug|Any CPU
		{4089410A-8A12-455C-862B-A4A3834C3100}.Debug|Mixed Platforms.ActiveCfg = Debug|Any CPU
		{4089410A-8A12-455C-862B-A4A3834C3100}.Debug|Mixed Platforms.Build.0 = Debug|Any CPU
		{4089410A-8A12-455C-862B-A4A3834C3100}.Debug|x64.ActiveCfg = Debug|Any CPU
		{4089410A-8A12-455C-862B-A4A3834C3100}.Debug|x64.Build.0 = Debug|Any CPU
		{4089410A-8A12-455C-862B-A4A3834C3100}.Debug|x86.ActiveCfg = Debug|Any CPU
		{4089410A-8A12-455C-862B-A4A3834C3100}.Debug|x86.Build.0 = Debug|Any CPU
		{4089410A-8A12-455C-862B-A4A3834C3100}.Release|Any CPU.ActiveCfg = Release|Any CPU
		{4089410A-8A12-455C-862B-A4A3834C3100}.Release|Any CPU.Build.0 = Release|Any CPU
		{4089410A-8A12-455C-862B-A4A3834C3100}.Release|Mixed Platforms.ActiveCfg = Release|Any CPU
		{4089410A-8A12-455C-862B-A4A3834C3100}.Release|Mixed Platforms.Build.0 = Release|Any CPU
		{4089410A-8A12-455C-862B-A4A3834C3100}.Release|x64.ActiveCfg = Release|Any CPU
		{4089410A-8A12-455C-862B-A4A3834C3100}.Release|x64.Build.0 = Release|Any CPU
		{4089410A-8A12-455C-862B-A4A3834C3100}.Release|x86.ActiveCfg = Release|Any CPU
		{4089410A-8A12-455C-862B-A4A3834C3100}.Release|x86.Build.0 = Release|Any CPU
		{9FFB3975-2DE6-4944-92C7-7062C39BB8FA}.Debug|Any CPU.ActiveCfg = Debug|Any CPU
		{9FFB3975-2DE6-4944-92C7-7062C39BB8FA}.Debug|Any CPU.Build.0 = Debug|Any CPU
		{9FFB3975-2DE6-4944-92C7-7062C39BB8FA}.Debug|Mixed Platforms.ActiveCfg = Debug|Any CPU
		{9FFB3975-2DE6-4944-92C7-7062C39BB8FA}.Debug|Mixed Platforms.Build.0 = Debug|Any CPU
		{9FFB3975-2DE6-4944-92C7-7062C39BB8FA}.Debug|x64.ActiveCfg = Debug|Any CPU
		{9FFB3975-2DE6-4944-92C7-7062C39BB8FA}.Debug|x64.Build.0 = Debug|Any CPU
		{9FFB3975-2DE6-4944-92C7-7062C39BB8FA}.Debug|x86.ActiveCfg = Debug|Any CPU
		{9FFB3975-2DE6-4944-92C7-7062C39BB8FA}.Debug|x86.Build.0 = Debug|Any CPU
		{9FFB3975-2DE6-4944-92C7-7062C39BB8FA}.Release|Any CPU.ActiveCfg = Release|Any CPU
		{9FFB3975-2DE6-4944-92C7-7062C39BB8FA}.Release|Any CPU.Build.0 = Release|Any CPU
		{9FFB3975-2DE6-4944-92C7-7062C39BB8FA}.Release|Mixed Platforms.ActiveCfg = Release|Any CPU
		{9FFB3975-2DE6-4944-92C7-7062C39BB8FA}.Release|Mixed Platforms.Build.0 = Release|Any CPU
		{9FFB3975-2DE6-4944-92C7-7062C39BB8FA}.Release|x64.ActiveCfg = Release|Any CPU
		{9FFB3975-2DE6-4944-92C7-7062C39BB8FA}.Release|x64.Build.0 = Release|Any CPU
		{9FFB3975-2DE6-4944-92C7-7062C39BB8FA}.Release|x86.ActiveCfg = Release|Any CPU
		{9FFB3975-2DE6-4944-92C7-7062C39BB8FA}.Release|x86.Build.0 = Release|Any CPU
		{C456339E-ED69-4A18-873B-5E9DAAC26C8B}.Debug|Any CPU.ActiveCfg = Debug|Any CPU
		{C456339E-ED69-4A18-873B-5E9DAAC26C8B}.Debug|Any CPU.Build.0 = Debug|Any CPU
		{C456339E-ED69-4A18-873B-5E9DAAC26C8B}.Debug|Mixed Platforms.ActiveCfg = Debug|Any CPU
		{C456339E-ED69-4A18-873B-5E9DAAC26C8B}.Debug|Mixed Platforms.Build.0 = Debug|Any CPU
		{C456339E-ED69-4A18-873B-5E9DAAC26C8B}.Debug|x64.ActiveCfg = Debug|Any CPU
		{C456339E-ED69-4A18-873B-5E9DAAC26C8B}.Debug|x64.Build.0 = Debug|Any CPU
		{C456339E-ED69-4A18-873B-5E9DAAC26C8B}.Debug|x86.ActiveCfg = Debug|Any CPU
		{C456339E-ED69-4A18-873B-5E9DAAC26C8B}.Debug|x86.Build.0 = Debug|Any CPU
		{C456339E-ED69-4A18-873B-5E9DAAC26C8B}.Release|Any CPU.ActiveCfg = Release|Any CPU
		{C456339E-ED69-4A18-873B-5E9DAAC26C8B}.Release|Any CPU.Build.0 = Release|Any CPU
		{C456339E-ED69-4A18-873B-5E9DAAC26C8B}.Release|Mixed Platforms.ActiveCfg = Release|Any CPU
		{C456339E-ED69-4A18-873B-5E9DAAC26C8B}.Release|Mixed Platforms.Build.0 = Release|Any CPU
		{C456339E-ED69-4A18-873B-5E9DAAC26C8B}.Release|x64.ActiveCfg = Release|Any CPU
		{C456339E-ED69-4A18-873B-5E9DAAC26C8B}.Release|x64.Build.0 = Release|Any CPU
		{C456339E-ED69-4A18-873B-5E9DAAC26C8B}.Release|x86.ActiveCfg = Release|Any CPU
		{C456339E-ED69-4A18-873B-5E9DAAC26C8B}.Release|x86.Build.0 = Release|Any CPU
		{5195E64C-B991-4B1F-BC5C-8DA3281CB559}.Debug|Any CPU.ActiveCfg = Debug|Any CPU
		{5195E64C-B991-4B1F-BC5C-8DA3281CB559}.Debug|Any CPU.Build.0 = Debug|Any CPU
		{5195E64C-B991-4B1F-BC5C-8DA3281CB559}.Debug|Mixed Platforms.ActiveCfg = Debug|Any CPU
		{5195E64C-B991-4B1F-BC5C-8DA3281CB559}.Debug|Mixed Platforms.Build.0 = Debug|Any CPU
		{5195E64C-B991-4B1F-BC5C-8DA3281CB559}.Debug|x64.ActiveCfg = Debug|Any CPU
		{5195E64C-B991-4B1F-BC5C-8DA3281CB559}.Debug|x64.Build.0 = Debug|Any CPU
		{5195E64C-B991-4B1F-BC5C-8DA3281CB559}.Debug|x86.ActiveCfg = Debug|Any CPU
		{5195E64C-B991-4B1F-BC5C-8DA3281CB559}.Debug|x86.Build.0 = Debug|Any CPU
		{5195E64C-B991-4B1F-BC5C-8DA3281CB559}.Release|Any CPU.ActiveCfg = Release|Any CPU
		{5195E64C-B991-4B1F-BC5C-8DA3281CB559}.Release|Any CPU.Build.0 = Release|Any CPU
		{5195E64C-B991-4B1F-BC5C-8DA3281CB559}.Release|Mixed Platforms.ActiveCfg = Release|Any CPU
		{5195E64C-B991-4B1F-BC5C-8DA3281CB559}.Release|Mixed Platforms.Build.0 = Release|Any CPU
		{5195E64C-B991-4B1F-BC5C-8DA3281CB559}.Release|x64.ActiveCfg = Release|Any CPU
		{5195E64C-B991-4B1F-BC5C-8DA3281CB559}.Release|x64.Build.0 = Release|Any CPU
		{5195E64C-B991-4B1F-BC5C-8DA3281CB559}.Release|x86.ActiveCfg = Release|Any CPU
		{5195E64C-B991-4B1F-BC5C-8DA3281CB559}.Release|x86.Build.0 = Release|Any CPU
		{9CBB4AD4-EAE4-4D85-A70C-ECC465DA3D86}.Debug|Any CPU.ActiveCfg = Debug|Any CPU
		{9CBB4AD4-EAE4-4D85-A70C-ECC465DA3D86}.Debug|Any CPU.Build.0 = Debug|Any CPU
		{9CBB4AD4-EAE4-4D85-A70C-ECC465DA3D86}.Debug|Mixed Platforms.ActiveCfg = Debug|Any CPU
		{9CBB4AD4-EAE4-4D85-A70C-ECC465DA3D86}.Debug|Mixed Platforms.Build.0 = Debug|Any CPU
		{9CBB4AD4-EAE4-4D85-A70C-ECC465DA3D86}.Debug|x64.ActiveCfg = Debug|Any CPU
		{9CBB4AD4-EAE4-4D85-A70C-ECC465DA3D86}.Debug|x64.Build.0 = Debug|Any CPU
		{9CBB4AD4-EAE4-4D85-A70C-ECC465DA3D86}.Debug|x86.ActiveCfg = Debug|Any CPU
		{9CBB4AD4-EAE4-4D85-A70C-ECC465DA3D86}.Debug|x86.Build.0 = Debug|Any CPU
		{9CBB4AD4-EAE4-4D85-A70C-ECC465DA3D86}.Release|Any CPU.ActiveCfg = Release|Any CPU
		{9CBB4AD4-EAE4-4D85-A70C-ECC465DA3D86}.Release|Any CPU.Build.0 = Release|Any CPU
		{9CBB4AD4-EAE4-4D85-A70C-ECC465DA3D86}.Release|Mixed Platforms.ActiveCfg = Release|Any CPU
		{9CBB4AD4-EAE4-4D85-A70C-ECC465DA3D86}.Release|Mixed Platforms.Build.0 = Release|Any CPU
		{9CBB4AD4-EAE4-4D85-A70C-ECC465DA3D86}.Release|x64.ActiveCfg = Release|Any CPU
		{9CBB4AD4-EAE4-4D85-A70C-ECC465DA3D86}.Release|x64.Build.0 = Release|Any CPU
		{9CBB4AD4-EAE4-4D85-A70C-ECC465DA3D86}.Release|x86.ActiveCfg = Release|Any CPU
		{9CBB4AD4-EAE4-4D85-A70C-ECC465DA3D86}.Release|x86.Build.0 = Release|Any CPU
		{F49D0044-1965-4EC1-969E-E058194E81FA}.Debug|Any CPU.ActiveCfg = Debug|Any CPU
		{F49D0044-1965-4EC1-969E-E058194E81FA}.Debug|Any CPU.Build.0 = Debug|Any CPU
		{F49D0044-1965-4EC1-969E-E058194E81FA}.Debug|Mixed Platforms.ActiveCfg = Debug|Any CPU
		{F49D0044-1965-4EC1-969E-E058194E81FA}.Debug|Mixed Platforms.Build.0 = Debug|Any CPU
		{F49D0044-1965-4EC1-969E-E058194E81FA}.Debug|x64.ActiveCfg = Debug|Any CPU
		{F49D0044-1965-4EC1-969E-E058194E81FA}.Debug|x64.Build.0 = Debug|Any CPU
		{F49D0044-1965-4EC1-969E-E058194E81FA}.Debug|x86.ActiveCfg = Debug|Any CPU
		{F49D0044-1965-4EC1-969E-E058194E81FA}.Debug|x86.Build.0 = Debug|Any CPU
		{F49D0044-1965-4EC1-969E-E058194E81FA}.Release|Any CPU.ActiveCfg = Release|Any CPU
		{F49D0044-1965-4EC1-969E-E058194E81FA}.Release|Any CPU.Build.0 = Release|Any CPU
		{F49D0044-1965-4EC1-969E-E058194E81FA}.Release|Mixed Platforms.ActiveCfg = Release|Any CPU
		{F49D0044-1965-4EC1-969E-E058194E81FA}.Release|Mixed Platforms.Build.0 = Release|Any CPU
		{F49D0044-1965-4EC1-969E-E058194E81FA}.Release|x64.ActiveCfg = Release|Any CPU
		{F49D0044-1965-4EC1-969E-E058194E81FA}.Release|x64.Build.0 = Release|Any CPU
		{F49D0044-1965-4EC1-969E-E058194E81FA}.Release|x86.ActiveCfg = Release|Any CPU
		{F49D0044-1965-4EC1-969E-E058194E81FA}.Release|x86.Build.0 = Release|Any CPU
		{A863AD59-1075-C7DD-A3C9-B0859DF692EE}.Debug|Any CPU.ActiveCfg = Debug|Any CPU
		{A863AD59-1075-C7DD-A3C9-B0859DF692EE}.Debug|Any CPU.Build.0 = Debug|Any CPU
		{A863AD59-1075-C7DD-A3C9-B0859DF692EE}.Debug|Mixed Platforms.ActiveCfg = Debug|Any CPU
		{A863AD59-1075-C7DD-A3C9-B0859DF692EE}.Debug|Mixed Platforms.Build.0 = Debug|Any CPU
		{A863AD59-1075-C7DD-A3C9-B0859DF692EE}.Debug|x64.ActiveCfg = Debug|Any CPU
		{A863AD59-1075-C7DD-A3C9-B0859DF692EE}.Debug|x64.Build.0 = Debug|Any CPU
		{A863AD59-1075-C7DD-A3C9-B0859DF692EE}.Debug|x86.ActiveCfg = Debug|Any CPU
		{A863AD59-1075-C7DD-A3C9-B0859DF692EE}.Debug|x86.Build.0 = Debug|Any CPU
		{A863AD59-1075-C7DD-A3C9-B0859DF692EE}.Release|Any CPU.ActiveCfg = Release|Any CPU
		{A863AD59-1075-C7DD-A3C9-B0859DF692EE}.Release|Any CPU.Build.0 = Release|Any CPU
		{A863AD59-1075-C7DD-A3C9-B0859DF692EE}.Release|Mixed Platforms.ActiveCfg = Release|Any CPU
		{A863AD59-1075-C7DD-A3C9-B0859DF692EE}.Release|Mixed Platforms.Build.0 = Release|Any CPU
		{A863AD59-1075-C7DD-A3C9-B0859DF692EE}.Release|x64.ActiveCfg = Release|Any CPU
		{A863AD59-1075-C7DD-A3C9-B0859DF692EE}.Release|x64.Build.0 = Release|Any CPU
		{A863AD59-1075-C7DD-A3C9-B0859DF692EE}.Release|x86.ActiveCfg = Release|Any CPU
		{A863AD59-1075-C7DD-A3C9-B0859DF692EE}.Release|x86.Build.0 = Release|Any CPU
		{97442113-B773-4F71-8B60-EF5599AC135D}.Debug|Any CPU.ActiveCfg = Debug|Any CPU
		{97442113-B773-4F71-8B60-EF5599AC135D}.Debug|Any CPU.Build.0 = Debug|Any CPU
		{97442113-B773-4F71-8B60-EF5599AC135D}.Debug|Mixed Platforms.ActiveCfg = Debug|Any CPU
		{97442113-B773-4F71-8B60-EF5599AC135D}.Debug|Mixed Platforms.Build.0 = Debug|Any CPU
		{97442113-B773-4F71-8B60-EF5599AC135D}.Debug|x64.ActiveCfg = Debug|Any CPU
		{97442113-B773-4F71-8B60-EF5599AC135D}.Debug|x64.Build.0 = Debug|Any CPU
		{97442113-B773-4F71-8B60-EF5599AC135D}.Debug|x86.ActiveCfg = Debug|Any CPU
		{97442113-B773-4F71-8B60-EF5599AC135D}.Debug|x86.Build.0 = Debug|Any CPU
		{97442113-B773-4F71-8B60-EF5599AC135D}.Release|Any CPU.ActiveCfg = Release|Any CPU
		{97442113-B773-4F71-8B60-EF5599AC135D}.Release|Any CPU.Build.0 = Release|Any CPU
		{97442113-B773-4F71-8B60-EF5599AC135D}.Release|Mixed Platforms.ActiveCfg = Release|Any CPU
		{97442113-B773-4F71-8B60-EF5599AC135D}.Release|Mixed Platforms.Build.0 = Release|Any CPU
		{97442113-B773-4F71-8B60-EF5599AC135D}.Release|x64.ActiveCfg = Release|Any CPU
		{97442113-B773-4F71-8B60-EF5599AC135D}.Release|x64.Build.0 = Release|Any CPU
		{97442113-B773-4F71-8B60-EF5599AC135D}.Release|x86.ActiveCfg = Release|Any CPU
		{97442113-B773-4F71-8B60-EF5599AC135D}.Release|x86.Build.0 = Release|Any CPU
		{A0D7E71F-8940-4D2E-5BDE-E82A8DEAE605}.Debug|Any CPU.ActiveCfg = Debug|Any CPU
		{A0D7E71F-8940-4D2E-5BDE-E82A8DEAE605}.Debug|Any CPU.Build.0 = Debug|Any CPU
		{A0D7E71F-8940-4D2E-5BDE-E82A8DEAE605}.Debug|Mixed Platforms.ActiveCfg = Debug|Any CPU
		{A0D7E71F-8940-4D2E-5BDE-E82A8DEAE605}.Debug|Mixed Platforms.Build.0 = Debug|Any CPU
		{A0D7E71F-8940-4D2E-5BDE-E82A8DEAE605}.Debug|x64.ActiveCfg = Debug|Any CPU
		{A0D7E71F-8940-4D2E-5BDE-E82A8DEAE605}.Debug|x64.Build.0 = Debug|Any CPU
		{A0D7E71F-8940-4D2E-5BDE-E82A8DEAE605}.Debug|x86.ActiveCfg = Debug|Any CPU
		{A0D7E71F-8940-4D2E-5BDE-E82A8DEAE605}.Debug|x86.Build.0 = Debug|Any CPU
		{A0D7E71F-8940-4D2E-5BDE-E82A8DEAE605}.Release|Any CPU.ActiveCfg = Release|Any CPU
		{A0D7E71F-8940-4D2E-5BDE-E82A8DEAE605}.Release|Any CPU.Build.0 = Release|Any CPU
		{A0D7E71F-8940-4D2E-5BDE-E82A8DEAE605}.Release|Mixed Platforms.ActiveCfg = Release|Any CPU
		{A0D7E71F-8940-4D2E-5BDE-E82A8DEAE605}.Release|Mixed Platforms.Build.0 = Release|Any CPU
		{A0D7E71F-8940-4D2E-5BDE-E82A8DEAE605}.Release|x64.ActiveCfg = Release|Any CPU
		{A0D7E71F-8940-4D2E-5BDE-E82A8DEAE605}.Release|x64.Build.0 = Release|Any CPU
		{A0D7E71F-8940-4D2E-5BDE-E82A8DEAE605}.Release|x86.ActiveCfg = Release|Any CPU
		{A0D7E71F-8940-4D2E-5BDE-E82A8DEAE605}.Release|x86.Build.0 = Release|Any CPU
		{750ECE28-6B96-8C09-67E1-CDBE48EC16A6}.Debug|Any CPU.ActiveCfg = Debug|Any CPU
		{750ECE28-6B96-8C09-67E1-CDBE48EC16A6}.Debug|Any CPU.Build.0 = Debug|Any CPU
		{750ECE28-6B96-8C09-67E1-CDBE48EC16A6}.Debug|Mixed Platforms.ActiveCfg = Debug|Any CPU
		{750ECE28-6B96-8C09-67E1-CDBE48EC16A6}.Debug|Mixed Platforms.Build.0 = Debug|Any CPU
		{750ECE28-6B96-8C09-67E1-CDBE48EC16A6}.Debug|x64.ActiveCfg = Debug|Any CPU
		{750ECE28-6B96-8C09-67E1-CDBE48EC16A6}.Debug|x64.Build.0 = Debug|Any CPU
		{750ECE28-6B96-8C09-67E1-CDBE48EC16A6}.Debug|x86.ActiveCfg = Debug|Any CPU
		{750ECE28-6B96-8C09-67E1-CDBE48EC16A6}.Debug|x86.Build.0 = Debug|Any CPU
		{750ECE28-6B96-8C09-67E1-CDBE48EC16A6}.Release|Any CPU.ActiveCfg = Release|Any CPU
		{750ECE28-6B96-8C09-67E1-CDBE48EC16A6}.Release|Any CPU.Build.0 = Release|Any CPU
		{750ECE28-6B96-8C09-67E1-CDBE48EC16A6}.Release|Mixed Platforms.ActiveCfg = Release|Any CPU
		{750ECE28-6B96-8C09-67E1-CDBE48EC16A6}.Release|Mixed Platforms.Build.0 = Release|Any CPU
		{750ECE28-6B96-8C09-67E1-CDBE48EC16A6}.Release|x64.ActiveCfg = Release|Any CPU
		{750ECE28-6B96-8C09-67E1-CDBE48EC16A6}.Release|x64.Build.0 = Release|Any CPU
		{750ECE28-6B96-8C09-67E1-CDBE48EC16A6}.Release|x86.ActiveCfg = Release|Any CPU
		{750ECE28-6B96-8C09-67E1-CDBE48EC16A6}.Release|x86.Build.0 = Release|Any CPU
		{5A4C7189-6042-4775-A046-0DE23DA9B3E2}.Debug|Any CPU.ActiveCfg = Debug|Any CPU
		{5A4C7189-6042-4775-A046-0DE23DA9B3E2}.Debug|Any CPU.Build.0 = Debug|Any CPU
		{5A4C7189-6042-4775-A046-0DE23DA9B3E2}.Debug|Mixed Platforms.ActiveCfg = Debug|Any CPU
		{5A4C7189-6042-4775-A046-0DE23DA9B3E2}.Debug|Mixed Platforms.Build.0 = Debug|Any CPU
		{5A4C7189-6042-4775-A046-0DE23DA9B3E2}.Debug|x64.ActiveCfg = Debug|Any CPU
		{5A4C7189-6042-4775-A046-0DE23DA9B3E2}.Debug|x64.Build.0 = Debug|Any CPU
		{5A4C7189-6042-4775-A046-0DE23DA9B3E2}.Debug|x86.ActiveCfg = Debug|Any CPU
		{5A4C7189-6042-4775-A046-0DE23DA9B3E2}.Debug|x86.Build.0 = Debug|Any CPU
		{5A4C7189-6042-4775-A046-0DE23DA9B3E2}.Release|Any CPU.ActiveCfg = Release|Any CPU
		{5A4C7189-6042-4775-A046-0DE23DA9B3E2}.Release|Any CPU.Build.0 = Release|Any CPU
		{5A4C7189-6042-4775-A046-0DE23DA9B3E2}.Release|Mixed Platforms.ActiveCfg = Release|Any CPU
		{5A4C7189-6042-4775-A046-0DE23DA9B3E2}.Release|Mixed Platforms.Build.0 = Release|Any CPU
		{5A4C7189-6042-4775-A046-0DE23DA9B3E2}.Release|x64.ActiveCfg = Release|Any CPU
		{5A4C7189-6042-4775-A046-0DE23DA9B3E2}.Release|x64.Build.0 = Release|Any CPU
		{5A4C7189-6042-4775-A046-0DE23DA9B3E2}.Release|x86.ActiveCfg = Release|Any CPU
		{5A4C7189-6042-4775-A046-0DE23DA9B3E2}.Release|x86.Build.0 = Release|Any CPU
		{8EF68B93-D00E-440D-9267-277FC39961A5}.Debug|Any CPU.ActiveCfg = Debug|Any CPU
		{8EF68B93-D00E-440D-9267-277FC39961A5}.Debug|Any CPU.Build.0 = Debug|Any CPU
		{8EF68B93-D00E-440D-9267-277FC39961A5}.Debug|Mixed Platforms.ActiveCfg = Debug|Any CPU
		{8EF68B93-D00E-440D-9267-277FC39961A5}.Debug|Mixed Platforms.Build.0 = Debug|Any CPU
		{8EF68B93-D00E-440D-9267-277FC39961A5}.Debug|x64.ActiveCfg = Debug|Any CPU
		{8EF68B93-D00E-440D-9267-277FC39961A5}.Debug|x64.Build.0 = Debug|Any CPU
		{8EF68B93-D00E-440D-9267-277FC39961A5}.Debug|x86.ActiveCfg = Debug|Any CPU
		{8EF68B93-D00E-440D-9267-277FC39961A5}.Debug|x86.Build.0 = Debug|Any CPU
		{8EF68B93-D00E-440D-9267-277FC39961A5}.Release|Any CPU.ActiveCfg = Release|Any CPU
		{8EF68B93-D00E-440D-9267-277FC39961A5}.Release|Any CPU.Build.0 = Release|Any CPU
		{8EF68B93-D00E-440D-9267-277FC39961A5}.Release|Mixed Platforms.ActiveCfg = Release|Any CPU
		{8EF68B93-D00E-440D-9267-277FC39961A5}.Release|Mixed Platforms.Build.0 = Release|Any CPU
		{8EF68B93-D00E-440D-9267-277FC39961A5}.Release|x64.ActiveCfg = Release|Any CPU
		{8EF68B93-D00E-440D-9267-277FC39961A5}.Release|x64.Build.0 = Release|Any CPU
		{8EF68B93-D00E-440D-9267-277FC39961A5}.Release|x86.ActiveCfg = Release|Any CPU
		{8EF68B93-D00E-440D-9267-277FC39961A5}.Release|x86.Build.0 = Release|Any CPU
	EndGlobalSection
	GlobalSection(SolutionProperties) = preSolution
		HideSolutionNode = FALSE
	EndGlobalSection
	GlobalSection(NestedProjects) = preSolution
		{F66706B6-D7DD-48FB-963C-870B3D611500} = {785E1533-48CE-4B5E-8C59-D6F1FDA8C45C}
		{650A5A85-5956-491E-9312-5E25A27D1108} = {B692B58D-1720-49A8-9CB8-5562894618F6}
		{4089410A-8A12-455C-862B-A4A3834C3100} = {B692B58D-1720-49A8-9CB8-5562894618F6}
		{9FFB3975-2DE6-4944-92C7-7062C39BB8FA} = {B692B58D-1720-49A8-9CB8-5562894618F6}
		{9CBB4AD4-EAE4-4D85-A70C-ECC465DA3D86} = {B692B58D-1720-49A8-9CB8-5562894618F6}
		{A863AD59-1075-C7DD-A3C9-B0859DF692EE} = {B692B58D-1720-49A8-9CB8-5562894618F6}
		{97442113-B773-4F71-8B60-EF5599AC135D} = {02EA681E-C7D8-13C7-8484-4AC65E1B71E8}
		{EA1A15F6-C3AF-4AAF-9A8B-4B7E053D6CEC} = {02EA681E-C7D8-13C7-8484-4AC65E1B71E8}
		{1CCBC8E4-5688-4F95-ADE8-31BF49064828} = {EA1A15F6-C3AF-4AAF-9A8B-4B7E053D6CEC}
		{7EC2D8B4-42A4-40E2-AC9A-E4496DA57F4C} = {1CCBC8E4-5688-4F95-ADE8-31BF49064828}
		{A0D7E71F-8940-4D2E-5BDE-E82A8DEAE605} = {02EA681E-C7D8-13C7-8484-4AC65E1B71E8}
		{750ECE28-6B96-8C09-67E1-CDBE48EC16A6} = {02EA681E-C7D8-13C7-8484-4AC65E1B71E8}
		{5A4C7189-6042-4775-A046-0DE23DA9B3E2} = {30258541-D0D8-F3FD-D559-E63D6BF074C2}
		{8EF68B93-D00E-440D-9267-277FC39961A5} = {30258541-D0D8-F3FD-D559-E63D6BF074C2}
	EndGlobalSection
	GlobalSection(ExtensibilityGlobals) = postSolution
		SolutionGuid = {91B6EE44-4505-4272-9D80-E4C73B09BF25}
	EndGlobalSection
EndGlobal
